
Microsoft Visual Studio Solution File, Format Version 12.00
# Visual Studio Version 16
VisualStudioVersion = 16.0.29123.88
MinimumVisualStudioVersion = 10.0.40219.1
Project("{9A19103F-16F7-4668-BE54-9A1E7A4F7556}") = "ClassLibrary1", "ClassLibrary1.csproj", "{8C248EE2-2812-4E60-8B4D-7764CEA3135C}"
EndProject
Project("{FAE04EC0-301F-11D3-BF4B-00C04F79EFBC}") = "Test2", "..\Test2\Test2.csproj", "{DDFE741F-9C99-4972-96F8-957BB6F6A575}"
EndProject
Global
	GlobalSection(SolutionConfigurationPlatforms) = preSolution
		Debug|Any CPU = Debug|Any CPU
		Release|Any CPU = Release|Any CPU
	EndGlobalSection
	GlobalSection(ProjectConfigurationPlatforms) = postSolution
		{8C248EE2-2812-4E60-8B4D-7764CEA3135C}.Debug|Any CPU.ActiveCfg = Debug|Any CPU
		{8C248EE2-2812-4E60-8B4D-7764CEA3135C}.Debug|Any CPU.Build.0 = Debug|Any CPU
		{8C248EE2-2812-4E60-8B4D-7764CEA3135C}.Release|Any CPU.ActiveCfg = Release|Any CPU
		{8C248EE2-2812-4E60-8B4D-7764CEA3135C}.Release|Any CPU.Build.0 = Release|Any CPU
		{DDFE741F-9C99-4972-96F8-957BB6F6A575}.Debug|Any CPU.ActiveCfg = Debug|Any CPU
		{DDFE741F-9C99-4972-96F8-957BB6F6A575}.Debug|Any CPU.Build.0 = Debug|Any CPU
		{DDFE741F-9C99-4972-96F8-957BB6F6A575}.Release|Any CPU.ActiveCfg = Release|Any CPU
		{DDFE741F-9C99-4972-96F8-957BB6F6A575}.Release|Any CPU.Build.0 = Release|Any CPU
	EndGlobalSection
	GlobalSection(SolutionProperties) = preSolution
		HideSolutionNode = FALSE
	EndGlobalSection
	GlobalSection(ExtensibilityGlobals) = postSolution
		SolutionGuid = {09F78E57-63DD-4F66-9ACE-A965B2600252}
	EndGlobalSection
EndGlobal
